Microsoft Visual Studio Solution File, Format Version 12.00
# Visual Studio Version 17
VisualStudioVersion = 17.5.2.0
MinimumVisualStudioVersion = 10.0.40219.1
Project("{FAE04EC0-301F-11D3-BF4B-00C04F79EFBC}") = "Someren Case", "Someren Case\Someren Case.csproj", "{9A03C4B0-2205-E18D-E84A-8BFDD07C65BB}"
EndProject
Global
	GlobalSection(SolutionConfigurationPlatforms) = preSolution
		Debug|Any CPU = Debug|Any CPU
		Release|Any CPU = Release|Any CPU
	EndGlobalSection
	GlobalSection(ProjectConfigurationPlatforms) = postSolution
		{9A03C4B0-2205-E18D-E84A-8BFDD07C65BB}.Debug|Any CPU.ActiveCfg = Debug|Any CPU
		{9A03C4B0-2205-E18D-E84A-8BFDD07C65BB}.Debug|Any CPU.Build.0 = Debug|Any CPU
		{9A03C4B0-2205-E18D-E84A-8BFDD07C65BB}.Release|Any CPU.ActiveCfg = Release|Any CPU
		{9A03C4B0-2205-E18D-E84A-8BFDD07C65BB}.Release|Any CPU.Build.0 = Release|Any CPU
	EndGlobalSection
	GlobalSection(SolutionProperties) = preSolution
		HideSolutionNode = FALSE
	EndGlobalSection
	GlobalSection(ExtensibilityGlobals) = postSolution
		SolutionGuid = {827F9E01-535A-4725-B427-9DD274FF4F99}
	EndGlobalSection
EndGlobal
